version = 1
revision = 3
requires-python = ">=3.10"

[[package]]
name = "exceptiongroup"
version = "1.3.1"
source = { registry = "https://pypi.org/simple" }
dependencies = [
    { name = "typing-extensions" },
]
sdist = { url = "https://files.pythonhosted.org/packages/50/79/66800aadf48771f6b62f7eb014e352e5d06856655206165d775e675a02c9/exceptiongroup-1.3.1.tar.gz", hash = "sha256:8b412432c6055b0b7d14c310000ae93352ed6754f70fa8f7c34141f91c4e3219", size = 30371, upload-time = "2025-11-21T23:01:54.787Z" }
wheels = [
    { url = "https://files.pythonhosted.org/packages/8a/0e/97c33bf5009bdbac74fd2beace167cab3f978feb69cc36f1ef79360d6c4e/exceptiongroup-1.3.1-py3-none-any.whl", hash = "sha256:a7a39a3bd276781e98394987d3a5701d0c4edffb633bb7a5144577f82c773598", size = 16740, upload-time = "2025-11-21T23:01:53.443Z" },
]

[[package]]
name = "gravlume-research-checks"
version = "0.0.0"
source = { virtual = "." }
dependencies = [
    { name = "hypothesis" },
    { name = "sympy" },
]

[package.metadata]
requires-dist = [
    { name = "hypothesis", specifier = "==6.165.6" },
    { name = "sympy", specifier = "==1.14.0" },
]

[[package]]
name = "hypothesis"
version = "6.165.6"
source = { registry = "https://pypi.org/simple" }
dependencies = [
    { name = "exceptiongroup", marker = "python_full_version < '3.11'" },
    { name = "sortedcontainers" },
]
sdist = { url = "https://files.pythonhosted.org/packages/0f/99/676c697c071fff793936ead70a47f1163778ef53f1df3ae90c642c51c4fd/hypothesis-6.165.6.tar.gz", hash = "sha256:35d6e462a7827fbce9e833efc48921d7879391dd1f742431da48ba71bafe2a59", size = 503070, upload-time = "2026-08-14T02:27:39.401Z" }
wheels = [
    { url = "https://files.pythonhosted.org/packages/a1/5c/3e85d8b4086445e136164921b5cae480c338972a8ca1bb23ef2fd849bb82/hypothesis-6.165.6-cp310-abi3-macosx_10_12_x86_64.whl", hash = "sha256:4779fdeb73c1d0eb98ef3489aa7f7c3a39183d28de48e5e9dac49d50c28c6930", size = 782484, upload-time = "2026-08-14T02:25:58.713Z" },
    { url = "https://files.pythonhosted.org/packages/01/d7/8c2f61346af3290acc24a7254c2f1bef0771c30e180f413b7f23f4e003f0/hypothesis-6.165.6-cp310-abi3-macosx_11_0_arm64.whl", hash = "sha256:16ea2d067de8e8455224bcbae36758f31c7e86ad79a464daade0d9f4cb1a2648", size = 778057, upload-time = "2026-08-14T02:27:24.199Z" },
    { url = "https://files.pythonhosted.org/packages/bb/dd/938fc0bf3c2f83453e56254674a3d7bbd0dbf04629ad56b772d5d5d5bb0c/hypothesis-6.165.6-cp310-abi3-manylinux_2_17_aarch64.manylinux2014_aarch64.whl", hash = "sha256:67d235ac965c9e460185feb5430671095f989ebb4d2b80a8acb5c53e75c483ab", size = 1107276, upload-time = "2026-08-14T02:26:55.316Z" },
    { url = "https://files.pythonhosted.org/packages/6d/10/be29b98fbae7bb420ea3d0d53e53458c8344fdc0b96d2687b091b30884a7/hypothesis-6.165.6-cp310-abi3-manylinux_2_17_armv7l.manylinux2014_armv7l.whl", hash = "sha256:074eaf76cdfccca83f0274492fb1f1d5624890988b442f962e50774be143eff5", size = 1135837, upload-time = "2026-08-14T02:27:22.476Z" },
    { url = "https://files.pythonhosted.org/packages/c2/69/40c28cba6944c01a4e36b20851004756549cbc18adfd3a5303c62f5aea0b/hypothesis-6.165.6-cp310-abi3-manylinux_2_17_ppc64le.manylinux2014_ppc64le.whl", hash = "sha256:9423ae38cc4934d80be94b514a029df3c9f3b12e3b88b1bd3aec7f6dc7472685", size = 1134488, upload-time = "2026-08-14T02:25:52.241Z" },
    { url = "https://files.pythonhosted.org/packages/b3/14/0bd8929a58c20cd90b02ffe09f7599bd02e89b0026749e4ed4cc057aa267/hypothesis-6.165.6-cp310-abi3-manylinux_2_17_x86_64.manylinux2014_x86_64.whl", hash = "sha256:79b922f1c7d63f6cb47d3894fe27e8b07bcf7d886d9b766b3300b0e236e89f5c", size = 1156826, upload-time = "2026-08-14T02:27:20.63Z" },
    { url = "https://files.pythonhosted.org/packages/93/8b/1d9e642f451f466336a4dfd81b1f9870c78a6137107314c1796a7a4c8aeb/hypothesis-6.165.6-cp310-abi3-manylinux_2_31_riscv64.whl", hash = "sha256:aa1dd68f8e346659ee1789a05c3c4013306c323b48ad2d65af65d88ee28c1a84", size = 1112118, upload-time = "2026-08-14T02:26:10.413Z" },
    { url = "https://files.pythonhosted.org/packages/1d/fe/2501c1edbd61e8273ef546526b69ae37866988190da71643f09267c3800c/hypothesis-6.165.6-cp310-abi3-manylinux_2_5_i686.manylinux1_i686.whl", hash = "sha256:a0c7ab04bc4f6de2998e71fc48ab6b727bb12136106bde9c8808a8615eae1e4f", size = 1148862, upload-time = "2026-08-14T02:27:37.665Z" },
    { url = "https://files.pythonhosted.org/packages/c1/56/bdbaa9e943dbc1b5ff4f55d716e47d5e5a17f05014205461aa5679a66631/hypothesis-6.165.6-cp310-abi3-musllinux_1_2_aarch64.whl", hash = "sha256:b7f906f2f37369a5fe577ba1d1b4275d0812cec77a17b1ed5ba8def0d606e9ae", size = 1282646, upload-time = "2026-08-14T02:26:24.263Z" },
    { url = "https://files.pythonhosted.org/packages/3a/bb/3042ed682641cc0a16b049ce0a5993aa3393016c85cce3ccb416ba5f4001/hypothesis-6.165.6-cp310-abi3-musllinux_1_2_armv7l.whl", hash = "sha256:4bee3b99fe0535c612214f00b21726c09ed91890f2e39f17c3f13d2e01a7bbd6", size = 1409219, upload-time = "2026-08-14T02:26:12.028Z" },
    { url = "https://files.pythonhosted.org/packages/d2/f9/c06d119b19d8521e44ae39f5873711031dd09d1d9c8340184a1531f8e853/hypothesis-6.165.6-cp310-abi3-musllinux_1_2_ppc64le.whl", hash = "sha256:f290f803ad3c444f35073aa57e7feb8884429549e52ce0a17fbae788d4f678bb", size = 1264257, upload-time = "2026-08-14T02:27:16.457Z" },
    { url = "https://files.pythonhosted.org/packages/e3/04/f66a8fa0b43bd516a94a303818847f8ec8316760a180623d13d68be15786/hypothesis-6.165.6-cp310-abi3-musllinux_1_2_riscv64.whl", hash = "sha256:d0da7b5d956e9edf197a12f6209b7004d149c37745372dfad6e19e917b683bf9", size = 1281940, upload-time = "2026-08-14T02:27:09.011Z" },
    { url = "https://files.pythonhosted.org/packages/3a/80/57edf3a3804447db82904da41208a921c4b0af1cd123e89637cde9e64723/hypothesis-6.165.6-cp310-abi3-musllinux_1_2_x86_64.whl", hash = "sha256:bd0683413787ea3ff03f068de179e71e560ff89e57fe047c3dc5b65ad442ad6c", size = 1324045, upload-time = "2026-08-14T02:26:05.87Z" },
    { url = "https://files.pythonhosted.org/packages/ff/aa/952e8b07881192f16c828fc0472e65fb271110652edf7e137df0f3335982/hypothesis-6.165.6-cp310-abi3-win32.whl", hash = "sha256:7fb7dab311e8a276521e1245b2a855ff6cd4283a73a5bf24d074d52ba8e3726c", size = 668280, upload-time = "2026-08-14T02:26:53.773Z" },
    { url = "https://files.pythonhosted.org/packages/e6/af/90109c1719ee58d394c5cee85fce327fca5d710c53fc6d950f3fa6b3eb85/hypothesis-6.165.6-cp310-abi3-win_amd64.whl", hash = "sha256:55eaedcabf2ac79374fcf038980bea20a5b6d5f12a6feadc03cb4609f9cf933b", size = 674441, upload-time = "2026-08-14T02:26:25.783Z" },
    { url = "https://files.pythonhosted.org/packages/da/ba/dfc0926ce5738ba72f5341087ec8c05c89847b1e0af8ff65b0395dec5b54/hypothesis-6.165.6-cp310-abi3-win_arm64.whl", hash = "sha256:ee4323aa1cfb7c368849689b14057dbbb6730449f6b4a487837bbb22d94e9aa2", size = 672778, upload-time = "2026-08-14T02:26:03.106Z" },
    { url = "https://files.pythonhosted.org/packages/8c/c6/fba90b559f7be41322acd31983600521ef197cc0d611e638bd1efba4f3e1/hypothesis-6.165.6-cp310-cp310-macosx_10_12_x86_64.whl", hash = "sha256:d93408263828fe1a93b947a3e56deb02b6802be17b5475cfec76ff269072b22f", size = 783193, upload-time = "2026-08-14T02:26:00.196Z" },
    { url = "https://files.pythonhosted.org/packages/d7/9d/6aba3cc025f7c2af3aa69f7ba9a29dd04003ac5e01bb536178e2ecef6939/hypothesis-6.165.6-cp310-cp310-macosx_11_0_arm64.whl", hash = "sha256:bedc88179be2b643b6f917ffc1f0d986aa8a2f7592ebbba6b795ea5683fd15c3", size = 778923, upload-time = "2026-08-14T02:26:38.334Z" },
    { url = "https://files.pythonhosted.org/packages/af/b3/fa882ee969982ed8bc61b1c6fb9586b6ea6b76c8011ce5527647fd749eb4/hypothesis-6.165.6-cp310-cp310-manylinux_2_17_aarch64.manylinux2014_aarch64.whl", hash = "sha256:35bffd716434973ac6dc1f45d49ed269c47559a2b8c109fd034538c4438189ea", size = 1107791, upload-time = "2026-08-14T02:26:31.879Z" },
    { url = "https://files.pythonhosted.org/packages/eb/41/8b046ee46e656a8d3cb497f6c41f06c75fb65a57fd812b5160ae99179768/hypothesis-6.165.6-cp310-cp310-manylinux_2_17_x86_64.manylinux2014_x86_64.whl", hash = "sha256:ddd748c5fb408cb53a53428f5ee87a529c77e9df18ae5898d489a2078957f8b5", size = 1157265, upload-time = "2026-08-14T02:27:18.843Z" },
    { url = "https://files.pythonhosted.org/packages/1b/1d/36dc28a2614b2e133bb25230afb731a3da82c83c60d42df7cbf1948c00c4/hypothesis-6.165.6-cp310-cp310-musllinux_1_2_aarch64.whl", hash = "sha256:5e90b750911543eefc8e484f3026857c4ca33586d01144f9495701a733739d19", size = 1283388, upload-time = "2026-08-14T02:27:29.98Z" },
    { url = "https://files.pythonhosted.org/packages/b4/93/63bff3e3d683432d77d7a59da9457173ddc0461de53314304842e3a76420/hypothesis-6.165.6-cp310-cp310-musllinux_1_2_x86_64.whl", hash = "sha256:ebd824a8cbe1bf7f2cc5566b8468ecb3f0d14afdbad4bdbc888bd3709c4431ea", size = 1324353, upload-time = "2026-08-14T02:26:30.357Z" },
    { url = "https://files.pythonhosted.org/packages/d6/38/972a9083c76dea87ce87d78fc59b3bf8b802b0264f3e3e0b800b79ae6f26/hypothesis-6.165.6-cp310-cp310-win_amd64.whl", hash = "sha256:af8225dbfdf4f9f0d68002f982fb6b0f136b0f2d73a2a9a63e7bb2fd9c69247e", size = 674318, upload-time = "2026-08-14T02:26:57.089Z" },
    { url = "https://files.pythonhosted.org/packages/ee/85/14e710ed492b8b39191785a9f6624a1e2fea3c9b253e72d91e3c8f9d5d5f/hypothesis-6.165.6-cp311-cp311-macosx_10_12_x86_64.whl", hash = "sha256:80624747f4fbb1ca9d39c9823ac7fa3b23575117e65ed21457823be7e6fc28d4", size = 782961, upload-time = "2026-08-14T02:26:28.79Z" },
    { url = "https://files.pythonhosted.org/packages/8f/06/5770fd3784ff30970aba81b0253e3df8732bedf507585b7aab0700bf3033/hypothesis-6.165.6-cp311-cp311-macosx_11_0_arm64.whl", hash = "sha256:725bf7a171abca58d8c8ea116c43d2f87ab4a7cf43b411c37c4ef2d7c2c3ede2", size = 778737, upload-time = "2026-08-14T02:27:02.166Z" },
    { url = "https://files.pythonhosted.org/packages/62/eb/fdd9226cb1cd6e53ce7778a4a7857c9d420968fd6e8c94d61de2fee6ba2f/hypothesis-6.165.6-cp311-cp311-manylinux_2_17_aarch64.manylinux2014_aarch64.whl", hash = "sha256:3b175dc8b30276a36c0c293ffe074c0173f96126a45a3431a9242e5caae3c654", size = 1107630, upload-time = "2026-08-14T02:26:43.693Z" },
    { url = "https://files.pythonhosted.org/packages/00/0a/4d35fe6c7bea7e13ac289f3a4156c43cd58124426224043120baa74741ce/hypothesis-6.165.6-cp311-cp311-manylinux_2_17_x86_64.manylinux2014_x86_64.whl", hash = "sha256:8bc6a8de58acdb4e58a3bbe53d99a9ecd6364f1cc61a0746990dbebf9f2609ec", size = 1157064, upload-time = "2026-08-14T02:26:01.633Z" },
    { url = "https://files.pythonhosted.org/packages/5f/44/5e7e8e19adab5184a22d50fd727db1b0d45d526c2fd97a83948fafc31fc2/hypothesis-6.165.6-cp311-cp311-musllinux_1_2_aarch64.whl", hash = "sha256:e3378383abd574d63a546e51a0cb497eb43febeb03ee5266c7492d7057585837", size = 1282971, upload-time = "2026-08-14T02:27:10.714Z" },
    { url = "https://files.pythonhosted.org/packages/14/c1/665bfbd1cf274e90f1c71b93f74ae77393290fab804a36eee7a5ac94f140/hypothesis-6.165.6-cp311-cp311-musllinux_1_2_x86_64.whl", hash = "sha256:3225fe459fbee4e4bbdf3ad49776c70ecea7dae47a55726aab4455b67dd1cff0", size = 1324292, upload-time = "2026-08-14T02:26:40.078Z" },
    { url = "https://files.pythonhosted.org/packages/be/ed/2d3fa04c376432020ff45de51d09025ecdc3a684cd5be9cae9ea6c846706/hypothesis-6.165.6-cp311-cp311-win_amd64.whl", hash = "sha256:3bdbb8f7e74816386f582e588966dcaaccb0478a535d6f9658bf214fc0b60b63", size = 674160, upload-time = "2026-08-14T02:27:35.865Z" },
    { url = "https://files.pythonhosted.org/packages/51/1f/4c0eff8446efde67086a4164959c8f08479b844d2a478d6fc89a51f50fcc/hypothesis-6.165.6-cp312-cp312-macosx_10_12_x86_64.whl", hash = "sha256:f89b6f0fa8ee06c90d1436f06750b3f7200cbf2fa55f8be57bcc0a0ac654ebd2", size = 784078, upload-time = "2026-08-14T02:25:55.455Z" },
    { url = "https://files.pythonhosted.org/packages/79/13/8e5c8c41adb801c50d7ccc2742e20d528ff9f305f8a7908a3d2a619482bc/hypothesis-6.165.6-cp312-cp312-macosx_11_0_arm64.whl", hash = "sha256:4a2d045d529859f70f54395d2e5c03086cb64e5acf6a70452d63d3dbf5ed5b0c", size = 775638, upload-time = "2026-08-14T02:26:17.797Z" },
    { url = "https://files.pythonhosted.org/packages/54/1e/0b6b077a1fc9c6d92927b0c05f2bf26a5dc4dd548165bb9e5f8e58b8e67e/hypothesis-6.165.6-cp312-cp312-manylinux_2_17_aarch64.manylinux2014_aarch64.whl", hash = "sha256:33b0304cd79936b689316d66ef6948df7547f47d23be5314b7ef7c1dbec38160", size = 1106086, upload-time = "2026-08-14T02:26:22.524Z" },
    { url = "https://files.pythonhosted.org/packages/a2/96/0c08f0c4927ae9a759fa40b344ab30b2c63f4f8dddd75bde2e66b94dfd0a/hypothesis-6.165.6-cp312-cp312-manylinux_2_17_x86_64.manylinux2014_x86_64.whl", hash = "sha256:814e13e086c0737109656f3423f990e08564bbc6dbb39fbe18b0761dba71a8f6", size = 1156131, upload-time = "2026-08-14T02:26:36.615Z" },
    { url = "https://files.pythonhosted.org/packages/be/3f/1dbcf321890b03590067fdec06a9afb01996a46f79a9f5f607bbe8ec8f23/hypothesis-6.165.6-cp312-cp312-musllinux_1_2_aarch64.whl", hash = "sha256:ccd746ad2df3437133f0a37c01269e762bcf09507dcb48f2ff37250c0cf62b84", size = 1280046, upload-time = "2026-08-14T02:26:21.072Z" },
    { url = "https://files.pythonhosted.org/packages/58/cf/be93a11bd8870a30cf2b42c2989015bf110b0d9a74d99fb9a46bfbfe3ab1/hypothesis-6.165.6-cp312-cp312-musllinux_1_2_x86_64.whl", hash = "sha256:210a94891eaf14fc1d9baf54c1860c7717f611cb11e004d114ff216cc48cb079", size = 1323381, upload-time = "2026-08-14T02:27:33.968Z" },
    { url = "https://files.pythonhosted.org/packages/50/b1/969d8464c08dd174cb1bf572983eb1148e5e740cb362304a370db98cc3ef/hypothesis-6.165.6-cp312-cp312-win_amd64.whl", hash = "sha256:730f553b0082a43523aa3b005dd959dccfdce6ef088ab3543404a6eb3abd93a0", size = 671577, upload-time = "2026-08-14T02:26:41.863Z" },
    { url = "https://files.pythonhosted.org/packages/f0/4a/8f57be972ce439ef19b381ef68562eb0bad97b24bf3cac89f0afeeb3fd7e/hypothesis-6.165.6-cp313-cp313-macosx_10_12_x86_64.whl", hash = "sha256:de20559f178bf34833d6755e73dd2b4deaa60b5b951515613f205ce9548743ab", size = 783971, upload-time = "2026-08-14T02:25:57.146Z" },
    { url = "https://files.pythonhosted.org/packages/ac/08/ee7035b576d9a531ed38724799dbac0c7fccc2e37a883f3067d71c57bfa3/hypothesis-6.165.6-cp313-cp313-macosx_11_0_arm64.whl", hash = "sha256:a4870a4404fac98a357e1c0dcda8362d07c64c1b4b547ad57804b54dfd51bba1", size = 775595, upload-time = "2026-08-14T02:27:12.472Z" },
    { url = "https://files.pythonhosted.org/packages/0d/5f/30bbb5dfb951021d59e74ba25b29fa4eeee06b6b5290abcbdaf7ba468d78/hypothesis-6.165.6-cp313-cp313-manylinux_2_17_aarch64.manylinux2014_aarch64.whl", hash = "sha256:9441606a4c91186a5ea4415c25a711dea3e94f525583bedb9d314b5ea0f9b083", size = 1105997, upload-time = "2026-08-14T02:26:08.683Z" },
    { url = "https://files.pythonhosted.org/packages/b4/24/b5eedeb3022cf165528b78a409fde67e1b2ebe10fefff0552763f2745615/hypothesis-6.165.6-cp313-cp313-manylinux_2_17_x86_64.manylinux2014_x86_64.whl", hash = "sha256:2db2fade9a84ec861a5332db5050b983caefeca010bd15c484ec45db9d2b0628", size = 1155989, upload-time = "2026-08-14T02:27:28.09Z" },
    { url = "https://files.pythonhosted.org/packages/a5/e1/85a1ec69ed0b2c813eb409ee30e192e10c8cc2560e932c6897616c2d89f9/hypothesis-6.165.6-cp313-cp313-musllinux_1_2_aarch64.whl", hash = "sha256:e611021b0175be926a274e28c6e391ce2f2baf97b5693d0163e96c2235bd8d3b", size = 1280030, upload-time = "2026-08-14T02:26:58.82Z" },
    { url = "https://files.pythonhosted.org/packages/4e/43/77bfee41fad507c370be7585c0982ccffc595c848b3c15826aa4c915e6ed/hypothesis-6.165.6-cp313-cp313-musllinux_1_2_x86_64.whl", hash = "sha256:85d6ab5fe2bbb1997ac8efbf9e1647d0ca333ccb6298883726917b359ab51b46", size = 1323109, upload-time = "2026-08-14T02:26:07.28Z" },
    { url = "https://files.pythonhosted.org/packages/88/e5/feb191ecfb517e70453be7667c438dc3c3c0a8d4dcbb579d6b65ac3768fb/hypothesis-6.165.6-cp313-cp313-win_amd64.whl", hash = "sha256:4b33220bad5b28559b5ed68bcf7bd16f617a3a704c1765c9f913c3625d8fa973", size = 671587, upload-time = "2026-08-14T02:26:45.179Z" },
    { url = "https://files.pythonhosted.org/packages/b0/9a/30357486495d660304fe31cde28963d3b203f9eb4910ec7e23b7c00fbfe8/hypothesis-6.165.6-cp314-cp314-macosx_10_12_x86_64.whl", hash = "sha256:ce063a280a0b051c81027b4fee75e8f6b0af8d3d6a4741eb7b313a78ae5d3388", size = 784066, upload-time = "2026-08-14T02:26:15.034Z" },
    { url = "https://files.pythonhosted.org/packages/2f/f1/372b7a77042ddec2995c3b4012cfa7b4e5731ce54481b7e59d37c3acf49c/hypothesis-6.165.6-cp314-cp314-macosx_11_0_arm64.whl", hash = "sha256:449e6b91db7d292151fdd7ccefd3f0c4317811343976df808eedae457cea9cdf", size = 775737, upload-time = "2026-08-14T02:26:27.317Z" },
    { url = "https://files.pythonhosted.org/packages/69/8c/a99ba3e7426876951122fc48e1da4a27bad69bfc353b428ad45b6834cbf5/hypothesis-6.165.6-cp314-cp314-manylinux_2_17_aarch64.manylinux2014_aarch64.whl", hash = "sha256:fd361a993895800d803f8a20613bca5f0aed9cb350a741c6d2ac95c447066188", size = 1106507, upload-time = "2026-08-14T02:27:05.619Z" },
    { url = "https://files.pythonhosted.org/packages/1c/c0/978b420914911dff3761a1c63fbe0ef6e37fb22a13e3e611f1f3b02a267a/hypothesis-6.165.6-cp314-cp314-manylinux_2_17_x86_64.manylinux2014_x86_64.whl", hash = "sha256:3260c93de92bbe49f780b39b50a7e1ffeacf085e590bcf96fcafa0a8b13f7742", size = 1156132, upload-time = "2026-08-14T02:26:48.252Z" },
    { url = "https://files.pythonhosted.org/packages/d3/26/b44fc896dbe5fab0dfccd7b46bea63e98e959c217d0e0b7619a09044aca9/hypothesis-6.165.6-cp314-cp314-musllinux_1_2_aarch64.whl", hash = "sha256:d7b5708eb17ac573b8b0051eacb4c0d55b062ff2b6dd74a42fa3323ba4ffb335", size = 1280391, upload-time = "2026-08-14T02:25:54.121Z" },
    { url = "https://files.pythonhosted.org/packages/42/8c/ba0f5a0df7050bb31ca4ed35b21865d2be0f89c3db44d5646a429740e5e6/hypothesis-6.165.6-cp314-cp314-musllinux_1_2_x86_64.whl", hash = "sha256:af1908da763b30134ebe7cde6ffc32bc5f3ae16fc46d3dfd57210fcd58f1c38b", size = 1323480, upload-time = "2026-08-14T02:27:26.273Z" },
    { url = "https://files.pythonhosted.org/packages/6b/4c/2b7d1eac4838ab350840c024c359f8f58a9af74430ab7131513b1cb65d5b/hypothesis-6.165.6-cp314-cp314-pyemscripten_2026_0_wasm32.whl", hash = "sha256:647b3132f2543600c15de46d63da44f40846822efbbbfbe2058f20921a76b555", size = 615640, upload-time = "2026-08-14T02:26:35.212Z" },
    { url = "https://files.pythonhosted.org/packages/6a/81/c95e2c237e040d49a3e47d082d66f0337599c28203dbfa9e947e9004b163/hypothesis-6.165.6-cp314-cp314-win_amd64.whl", hash = "sha256:ffdf4b3799636a9bf4c811bd8a95d4623a69d5ddaf53cbb64d7780ff1486c94c", size = 671388, upload-time = "2026-08-14T02:26:16.361Z" },
    { url = "https://files.pythonhosted.org/packages/38/df/adc657a5ceaa8365efa7b096d666b61506bc89da9206f8fb738366e7550a/hypothesis-6.165.6-cp314-cp314t-macosx_10_12_x86_64.whl", hash = "sha256:b0b0b1ba1732f7e33c0a957c5388d7711f86c70c7db4de5f66ebe47d6572a741", size = 782529, upload-time = "2026-08-14T02:26:51.901Z" },
    { url = "https://files.pythonhosted.org/packages/79/8f/4573f5b69ba26791e0a6cd09e40f997213230aff07f886efb75651aced56/hypothesis-6.165.6-cp314-cp314t-macosx_11_0_arm64.whl", hash = "sha256:3904a260bec2c8a509dd0936b91a21d3d2d2dd2674392ad19164ee5a40306bd1", size = 774150, upload-time = "2026-08-14T02:27:31.868Z" },
    { url = "https://files.pythonhosted.org/packages/48/02/18bc8aac1317eb729ea24058a8cdba74809506339e831e880e39fb995189/hypothesis-6.165.6-cp314-cp314t-manylinux_2_17_aarch64.manylinux2014_aarch64.whl", hash = "sha256:7e936bd8fabc1ec40333917d024a8276c56e0f043ce046043f2ff9fdb487fa4d", size = 1104741, upload-time = "2026-08-14T02:26:04.371Z" },
    { url = "https://files.pythonhosted.org/packages/47/c0/2abf340b9279d86b6a8cccf3fb1d83bd6dbe13b01c4eac6bfa21a3c6ebb0/hypothesis-6.165.6-cp314-cp314t-manylinux_2_17_x86_64.manylinux2014_x86_64.whl", hash = "sha256:b204f3ab1e686ecb6a28ee2a57b4f8326fb7650430836ae42909d13402776f76", size = 1154874, upload-time = "2026-08-14T02:27:03.887Z" },
    { url = "https://files.pythonhosted.org/packages/cc/ef/d5fe34400375d374be5cfa3d19f1ef825d3cc1111bacf05a556a5676d3fe/hypothesis-6.165.6-cp314-cp314t-musllinux_1_2_aarch64.whl", hash = "sha256:fec3a7446187c5dcbd52849aa291e33f5b848c2b3a147f73dc916b471951cd93", size = 1278417, upload-time = "2026-08-14T02:26:46.723Z" },
    { url = "https://files.pythonhosted.org/packages/d8/29/824a60d642541f22a4c034f86e5a8c62ad5ebb8d9b703b5d0b25734c51a2/hypothesis-6.165.6-cp314-cp314t-musllinux_1_2_x86_64.whl", hash = "sha256:1b58a13a87353582c095bab200606b2b5adbea0aa36ba4307d911f9e3c609f3f", size = 1322104, upload-time = "2026-08-14T02:26:33.465Z" },
    { url = "https://files.pythonhosted.org/packages/a8/16/c0365925a5476409d05f0ba5a1c16b220a3f5220a6e4693732feee99afb2/hypothesis-6.165.6-cp314-cp314t-win_amd64.whl", hash = "sha256:649d6457dc204cc8dafc496ffa9d24314ab912fbc83da041e7574e9757888303", size = 671387, upload-time = "2026-08-14T02:26:13.494Z" },
    { url = "https://files.pythonhosted.org/packages/3f/70/75ad1b30626a7f0805ad38eb6ddd3a9ce2d22bcedde9a32a6cc6e2e64b27/hypothesis-6.165.6-pp311-pypy311_pp73-macosx_10_12_x86_64.whl", hash = "sha256:11b3d7398104eefc2d5cdab470da2707ab0a21718abced4807dc20f5ea8e4358", size = 783886, upload-time = "2026-08-14T02:26:50.386Z" },
    { url = "https://files.pythonhosted.org/packages/9d/95/a4a2617d9dba6a19be55312b083560b6c48b7dfe706374006e6cdfb91a80/hypothesis-6.165.6-pp311-pypy311_pp73-macosx_11_0_arm64.whl", hash = "sha256:fca5b5b22e4410d72ab097c959489e329c46a9d3d7d02af0918f53d9952794da", size = 779726, upload-time = "2026-08-14T02:27:00.54Z" },
    { url = "https://files.pythonhosted.org/packages/06/3c/49b4c83ed7ed762491f39c2688fd7466a2a75a1eaa76f2b261800d284030/hypothesis-6.165.6-pp311-pypy311_pp73-manylinux_2_17_aarch64.manylinux2014_aarch64.whl", hash = "sha256:517378e1f37a65649592391ff531e90f1a1ee5fdce530e039d354355af6af70f", size = 1108604, upload-time = "2026-08-14T02:27:14.315Z" },
    { url = "https://files.pythonhosted.org/packages/20/a0/c148a7aeaaa12cd78fa0803031b3151e49d89540726552ffd88a0238f0d5/hypothesis-6.165.6-pp311-pypy311_pp73-manylinux_2_17_x86_64.manylinux2014_x86_64.whl", hash = "sha256:9f6c64cbfeec75c506908a29aef0a3de671df44e0d28d79703a39dd6e7833162", size = 1158305, upload-time = "2026-08-14T02:26:19.648Z" },
    { url = "https://files.pythonhosted.org/packages/82/93/623e7437ce854241f9779a9f6034bccc95e3bf649dd312c58a1e5a52771e/hypothesis-6.165.6-pp311-pypy311_pp73-win_amd64.whl", hash = "sha256:b4115944fee79db48103a8002a13220df72dad7c6429dfccd5522bda2afe2f4e", size = 675278, upload-time = "2026-08-14T02:27:07.44Z" },
]

[[package]]
name = "mpmath"
version = "1.3.0"
source = { registry = "https://pypi.org/simple" }
sdist = { url = "https://files.pythonhosted.org/packages/e0/47/dd32fa426cc72114383ac549964eecb20ecfd886d1e5ccf5340b55b02f57/mpmath-1.3.0.tar.gz", hash = "sha256:7a28eb2a9774d00c7bc92411c19a89209d5da7c4c9a9e227be8330a23a25b91f", size = 508106, upload-time = "2023-03-07T16:47:11.061Z" }
wheels = [
    { url = "https://files.pythonhosted.org/packages/43/e3/7d92a15f894aa0c9c4b49b8ee9ac9850d6e63b03c9c32c0367a13ae62209/mpmath-1.3.0-py3-none-any.whl", hash = "sha256:a0b2b9fe80bbcd81a6647ff13108738cfb482d481d826cc0e02f5b35e5c88d2c", size = 536198, upload-time = "2023-03-07T16:47:09.197Z" },
]

[[package]]
name = "sortedcontainers"
version = "2.4.0"
source = { registry = "https://pypi.org/simple" }
sdist = { url = "https://files.pythonhosted.org/packages/e8/c4/ba2f8066cceb6f23394729afe52f3bf7adec04bf9ed2c820b39e19299111/sortedcontainers-2.4.0.tar.gz", hash = "sha256:25caa5a06cc30b6b83d11423433f65d1f9d76c4c6a0c90e3379eaa43b9bfdb88", size = 30594, upload-time = "2021-05-16T22:03:42.897Z" }
wheels = [
    { url = "https://files.pythonhosted.org/packages/32/46/9cb0e58b2deb7f82b84065f37f3bffeb12413f947f9388e4cac22c4621ce/sortedcontainers-2.4.0-py2.py3-none-any.whl", hash = "sha256:a163dcaede0f1c021485e957a39245190e74249897e2ae4b2aa38595db237ee0", size = 29575, upload-time = "2021-05-16T22:03:41.177Z" },
]

[[package]]
name = "sympy"
version = "1.14.0"
source = { registry = "https://pypi.org/simple" }
dependencies = [
    { name = "mpmath" },
]
sdist = { url = "https://files.pythonhosted.org/packages/83/d3/803453b36afefb7c2bb238361cd4ae6125a569b4db67cd9e79846ba2d68c/sympy-1.14.0.tar.gz", hash = "sha256:d3d3fe8df1e5a0b42f0e7bdf50541697dbe7d23746e894990c030e2b05e72517", size = 7793921, upload-time = "2025-04-27T18:05:01.611Z" }
wheels = [
    { url = "https://files.pythonhosted.org/packages/a2/09/77d55d46fd61b4a135c444fc97158ef34a095e5681d0a6c10b75bf356191/sympy-1.14.0-py3-none-any.whl", hash = "sha256:e091cc3e99d2141a0ba2847328f5479b05d94a6635cb96148ccb3f34671bd8f5", size = 6299353, upload-time = "2025-04-27T18:04:59.103Z" },
]

[[package]]
name = "typing-extensions"
version = "4.16.0"
source = { registry = "https://pypi.org/simple" }
sdist = { url = "https://files.pythonhosted.org/packages/f6/cc/6253133b5bb138fc3306cebfbda2c520f545d36b5be2c7255cc528bb45d6/typing_extensions-4.16.0.tar.gz", hash = "sha256:dc983d19a509c94dba722ee6abd33940f7c05a89e243c47e907eb4db6f1a43e5", size = 113555, upload-time = "2026-07-02T08:40:05.92Z" }
wheels = [
    { url = "https://files.pythonhosted.org/packages/49/d3/b8441a820a491ddfc024b0b0cf0393375b75ea13866d9c66727e54c2fc80/typing_extensions-4.16.0-py3-none-any.whl", hash = "sha256:481caa481374e813c1b176ada14e97f1f67a4539ce9cfeb3f350d78d6370c2e8", size = 45571, upload-time = "2026-07-02T08:40:04.659Z" },
]
