version = 1
revision = 3
requires-python = ">=3.14"

[options]
prerelease-mode = "disallow"

[[package]]
name = "colorama"
version = "0.4.6"
source = { registry = "https://pypi.org/simple" }
sdist = { url = "https://files.pythonhosted.org/packages/d8/53/6f443c9a4a8358a93a6792e2acffb9d9d5cb0a5cfd8802644b7b1c9a02e4/colorama-0.4.6.tar.gz", hash = "sha256:08695f5cb7ed6e0531a20572697297273c47b8cae5a63ffc6d6ed5c201be6e44", size = 27697, upload-time = "2022-10-25T02:36:22.414Z" }
wheels = [
    { url = "https://files.pythonhosted.org/packages/d1/d6/3965ed04c63042e047cb6a3e6ed1a63a35087b6a609aa3a15ed8ac56c221/colorama-0.4.6-py2.py3-none-any.whl", hash = "sha256:4f1d9991f5acc0ca119f9d443620b77f9d6b33703e51011c16baf57afb285fc6", size = 25335, upload-time = "2022-10-25T02:36:20.889Z" },
]

[[package]]
name = "gravlume-research"
version = "0.1.0"
source = { editable = "." }
dependencies = [
    { name = "mpmath" },
    { name = "numpy" },
    { name = "sympy" },
]

[package.dev-dependencies]
dev = [
    { name = "hypothesis" },
    { name = "pytest" },
    { name = "ruff" },
]

[package.metadata]
requires-dist = [
    { name = "mpmath" },
    { name = "numpy" },
    { name = "sympy" },
]

[package.metadata.requires-dev]
dev = [
    { name = "hypothesis" },
    { name = "pytest" },
    { name = "ruff" },
]

[[package]]
name = "hypothesis"
version = "6.165.10"
source = { registry = "https://pypi.org/simple" }
dependencies = [
    { name = "sortedcontainers" },
]
sdist = { url = "https://files.pythonhosted.org/packages/5c/e2/0fad246d2b6330e1f78479bfc566b5c22be82aee8a865cde9a08f648487d/hypothesis-6.165.10.tar.gz", hash = "sha256:68b45e09834cd80523cb1eb274463073c7a9af4e4ef7cff34d9615f355572d32", size = 503703, upload-time = "2026-08-16T22:56:15.404Z" }
wheels = [
    { url = "https://files.pythonhosted.org/packages/05/c1/9a9538e6d185baf5cc7f15bc3b76e08efbb3de4b3c782f234356449c0dd7/hypothesis-6.165.10-cp310-abi3-macosx_10_12_x86_64.whl", hash = "sha256:f839d29d0cc12048cf073d88ca4fdf94d420bc2b8afd69641ff6d496422ccd4f", size = 783243, upload-time = "2026-08-16T22:55:44.058Z" },
    { url = "https://files.pythonhosted.org/packages/a1/30/b70d9d79e871a75cbdeccd9067f20ecdb9eb2a1dfa03c630be3ad13b8b30/hypothesis-6.165.10-cp310-abi3-macosx_11_0_arm64.whl", hash = "sha256:e10858f57ed0e74baa04393845f469fe8ad502c16ece4499bef7700c575611bd", size = 778815, upload-time = "2026-08-16T22:55:46.948Z" },
    { url = "https://files.pythonhosted.org/packages/db/52/6f0a9b7aab24b0635e2238f3fbddea5b54b17879ac813df42a3cc3384c5c/hypothesis-6.165.10-cp310-abi3-manylinux_2_17_aarch64.manylinux2014_aarch64.whl", hash = "sha256:76a7be86d986223b9f1bdb7e7cbcdb048649901fdb956c598ef73bdab1786cd5", size = 1108009, upload-time = "2026-08-16T22:54:53.082Z" },
    { url = "https://files.pythonhosted.org/packages/f6/06/8d0d4e11ff02350d09ec9f9e90af354158e59e16a8907ba5199a4ff2d7e8/hypothesis-6.165.10-cp310-abi3-manylinux_2_17_armv7l.manylinux2014_armv7l.whl", hash = "sha256:717aea574e0e5edba2868aa66b1caae335d8f1ad3fb29f01dd6502953fa823a1", size = 1136596, upload-time = "2026-08-16T22:54:54.443Z" },
    { url = "https://files.pythonhosted.org/packages/59/dd/01a1e440f2e38dc1ccf5d597af5b8a0bee5f21b674c99c123b5554de9690/hypothesis-6.165.10-cp310-abi3-manylinux_2_17_ppc64le.manylinux2014_ppc64le.whl", hash = "sha256:4334058033e0214475f019e15492a50f3854fe8728cf51fe25c6191a2c3f8e52", size = 1135234, upload-time = "2026-08-16T22:55:08.911Z" },
    { url = "https://files.pythonhosted.org/packages/7d/18/8a26c24d3d9db20265f39df341ab265858c094e209571e3179cf237935f4/hypothesis-6.165.10-cp310-abi3-manylinux_2_17_x86_64.manylinux2014_x86_64.whl", hash = "sha256:2abb50cf1cf77d721de0a24c3f99d9c4ffdeb2cbd1e12aebb5a7a93e2b6b6d1f", size = 1157528, upload-time = "2026-08-16T22:56:02.159Z" },
    { url = "https://files.pythonhosted.org/packages/ea/8e/ce3c829b1937402d7944420ca26a05a0c8563e894dcff03d34ffa279d306/hypothesis-6.165.10-cp310-abi3-manylinux_2_31_riscv64.whl", hash = "sha256:3de69aa8b924b400291a3cc42aaf78e6ab65c905a3e7e1a5dc39d95ef1b428cb", size = 1112870, upload-time = "2026-08-16T22:54:55.919Z" },
    { url = "https://files.pythonhosted.org/packages/f2/1b/4c4926d6c9a2b5d7cc090cc1e91219d6796102aa2a2c4b8f961c939e60b5/hypothesis-6.165.10-cp310-abi3-manylinux_2_5_i686.manylinux1_i686.whl", hash = "sha256:5841331c504e02d7c334591681cb8587cdd59dee7e149db6d3db8e3f9e9f02eb", size = 1149683, upload-time = "2026-08-16T22:55:30.567Z" },
    { url = "https://files.pythonhosted.org/packages/cb/f9/df24eb28412f82465e2b7707f0ff1ec274d580bce389d4d9156617dc7bba/hypothesis-6.165.10-cp310-abi3-musllinux_1_2_aarch64.whl", hash = "sha256:2d0e0f8263d34dd8fa3b39eaa9a50bba56a8470b3dd9ebf6672d10840abe063e", size = 1283402, upload-time = "2026-08-16T22:54:18.054Z" },
    { url = "https://files.pythonhosted.org/packages/4d/07/c2b2a761300cf60b90ccebba4328175331e67d34f4fbd39429a7ddcdce49/hypothesis-6.165.10-cp310-abi3-musllinux_1_2_armv7l.whl", hash = "sha256:0c4e6869817c3cfdf5a2b4d348497b95159bdecb3365be732c9b8570e36a4eef", size = 1409948, upload-time = "2026-08-16T22:54:22.343Z" },
    { url = "https://files.pythonhosted.org/packages/f4/ec/1c2bf1acdd0e273d81f833f85caf0ae5423db68a783554992fca36e6c541/hypothesis-6.165.10-cp310-abi3-musllinux_1_2_ppc64le.whl", hash = "sha256:9f07ae36c3b093e13687a894e79fe69e98a94c0b67fef656c575247682218143", size = 1265023, upload-time = "2026-08-16T22:54:41.402Z" },
    { url = "https://files.pythonhosted.org/packages/3d/a8/7f984908b7391160c7801b84e51ca8e4ba88c89e8d8811aa1aa7c03de73c/hypothesis-6.165.10-cp310-abi3-musllinux_1_2_riscv64.whl", hash = "sha256:aff1f584c9538e8979cd180b1d70bf99bc16be19d4666414f49e5942b21a4f2c", size = 1282698, upload-time = "2026-08-16T22:56:06.998Z" },
    { url = "https://files.pythonhosted.org/packages/48/78/3a5d91c2d0250521736c42dfa2402b75049bc5fe2fb716c10bc84bb91ed1/hypothesis-6.165.10-cp310-abi3-musllinux_1_2_x86_64.whl", hash = "sha256:1f2c4db25fb8ec1a16a8dba580666337b8ffb1887c4cf1750cc954313897cef7", size = 1324816, upload-time = "2026-08-16T22:54:46.675Z" },
    { url = "https://files.pythonhosted.org/packages/6f/99/27450763853a034bca1574d3e0a315164b33ff49c3862df6872dda45e25e/hypothesis-6.165.10-cp310-abi3-win32.whl", hash = "sha256:b33dc30170a7402e03c180f2c5ef69dc077152f35b91621e9cebcde9c7d71746", size = 669039, upload-time = "2026-08-16T22:55:11.962Z" },
    { url = "https://files.pythonhosted.org/packages/2c/fc/ff2988b72b5705ad9ca500444bf3f43e3c2f41edfa034bbfeb23b215791a/hypothesis-6.165.10-cp310-abi3-win_amd64.whl", hash = "sha256:e9f924aa610c0618445e1e8738c822c3190ce2a2699a0cb48ec3a351a96761f2", size = 675213, upload-time = "2026-08-16T22:55:01.697Z" },
    { url = "https://files.pythonhosted.org/packages/c5/8b/821810d36f78d9d9421cd2c5d9d36983b45bb3575c3086276cc5c76f9f73/hypothesis-6.165.10-cp310-abi3-win_arm64.whl", hash = "sha256:1d305448e9bd8e2f4f3cea0eafd809efdaab4e998a0019bc615650c8463e42f1", size = 673537, upload-time = "2026-08-16T22:54:47.898Z" },
    { url = "https://files.pythonhosted.org/packages/3f/77/55e020c9c576532ff7d20bf8b1dfa052ecbd5ada1949b02f76c44c966f7e/hypothesis-6.165.10-cp314-cp314-macosx_10_12_x86_64.whl", hash = "sha256:9ccac776b2ca93b324806facd526ccb45da0fd035001c899a35b02c44431e209", size = 784833, upload-time = "2026-08-16T22:55:21.255Z" },
    { url = "https://files.pythonhosted.org/packages/4f/f2/01da2adf829cf549eaddcabb8e8072077fb3d26da4275f4c1e89b2c0af74/hypothesis-6.165.10-cp314-cp314-macosx_11_0_arm64.whl", hash = "sha256:e5f95f7b622e4171096d92175dda0a560f0955ade9b8a3a07bdcf151f7359611", size = 776545, upload-time = "2026-08-16T22:56:10.159Z" },
    { url = "https://files.pythonhosted.org/packages/cf/8e/58d4f842895220b793c53fc94a6489705b3665bb4d0ae4d338ce03fdf9fb/hypothesis-6.165.10-cp314-cp314-manylinux_2_17_aarch64.manylinux2014_aarch64.whl", hash = "sha256:f76d1562643693b8a40066f1f96af795b93fd9bcfc9690a1af2ff4c5867ee29e", size = 1107271, upload-time = "2026-08-16T22:54:50.266Z" },
    { url = "https://files.pythonhosted.org/packages/8f/b8/206468912d2153306bb8a41afdfc59e45b7a73a0495bbe4b9cb4f0e79c1d/hypothesis-6.165.10-cp314-cp314-manylinux_2_17_x86_64.manylinux2014_x86_64.whl", hash = "sha256:60cab3ab4ea468d31a33739ffd7e94ec3e37dea891d65a6582ecc8a477175191", size = 1156915, upload-time = "2026-08-16T22:54:25.89Z" },
    { url = "https://files.pythonhosted.org/packages/fb/d3/bf5a22929b70a4cfd3edf69c5642b029b27ddb5cfda48fa295d384b01abb/hypothesis-6.165.10-cp314-cp314-musllinux_1_2_aarch64.whl", hash = "sha256:22cf19388f0ff6ced8eb3e49c903d14938e4ed909d93bf28383eef451511e424", size = 1281205, upload-time = "2026-08-16T22:54:44.083Z" },
    { url = "https://files.pythonhosted.org/packages/07/a2/d7b2ba444d36fc84d4779f4431e74dd9b023dc63bcf282199f6e48ad39f4/hypothesis-6.165.10-cp314-cp314-musllinux_1_2_x86_64.whl", hash = "sha256:057d0232f1224dcd0b7698902551a4341a7399f90670b036db6c4376715fe889", size = 1324243, upload-time = "2026-08-16T22:55:41.123Z" },
    { url = "https://files.pythonhosted.org/packages/d1/95/afe6b531fd01928c6f63d394ee413fa2338d088b2b44efcc23596b54477e/hypothesis-6.165.10-cp314-cp314-pyemscripten_2026_0_wasm32.whl", hash = "sha256:ab0f2e9d7d7d4db257f7cf53de3706c2baf124269571f20ffc2bcd6781f03063", size = 616382, upload-time = "2026-08-16T22:55:18.449Z" },
    { url = "https://files.pythonhosted.org/packages/48/86/9b4fb75f520a028edec50ffc904a94d724180395d71feb6d7a0ce7bb6f00/hypothesis-6.165.10-cp314-cp314-win_amd64.whl", hash = "sha256:d1ea02fa8ab3d33eb1125eade81f7136341eb429152c6dbe2ae6f8bc33b3fbdd", size = 672145, upload-time = "2026-08-16T22:54:24.831Z" },
    { url = "https://files.pythonhosted.org/packages/f9/ba/f7bbaae0c789bab7ddb764d2056ee1a463cc95a8acbccc90d4184e48b242/hypothesis-6.165.10-cp314-cp314t-macosx_10_12_x86_64.whl", hash = "sha256:ed1a5891e59472884a03cb9875483e8fc131c80a275c60967f8afc5458a0c8ff", size = 783287, upload-time = "2026-08-16T22:54:23.751Z" },
    { url = "https://files.pythonhosted.org/packages/3a/83/01ef80772b4abd335c49405576dc503cede94fb5da30ba2643a119013aea/hypothesis-6.165.10-cp314-cp314t-macosx_11_0_arm64.whl", hash = "sha256:09772e328a26e50486ac572be34f9887f9aa185efe7ebb16bde4e8f6038db1f4", size = 774991, upload-time = "2026-08-16T22:55:25.987Z" },
    { url = "https://files.pythonhosted.org/packages/a3/0b/f47506241f9d5a5a2efe4c65b6bf4830e9d9576e5d3779007a260699e608/hypothesis-6.165.10-cp314-cp314t-manylinux_2_17_aarch64.manylinux2014_aarch64.whl", hash = "sha256:5cf3b612542ba174c9da4000b59a4f4c81e8d66f87509be85d3a1b71b5c36413", size = 1105499, upload-time = "2026-08-16T22:54:51.864Z" },
    { url = "https://files.pythonhosted.org/packages/84/fe/abb3909b7089835112fbe75bf00d817d733b3a8032759783db0a24ff1e56/hypothesis-6.165.10-cp314-cp314t-manylinux_2_17_x86_64.manylinux2014_x86_64.whl", hash = "sha256:f69ec5be85ef508e206153bed8eafd03f7995dc464356c8bbb279a1e2b7d56f3", size = 1155685, upload-time = "2026-08-16T22:54:30.94Z" },
    { url = "https://files.pythonhosted.org/packages/73/2f/1964738921640184067121ae77414522fc3f0463fc26c6e25a4f3b8e42ca/hypothesis-6.165.10-cp314-cp314t-musllinux_1_2_aarch64.whl", hash = "sha256:dd207497bb985918409a1bb5db85d1875f74e1269487332113b73d1ee7c77647", size = 1279177, upload-time = "2026-08-16T22:54:40.179Z" },
    { url = "https://files.pythonhosted.org/packages/34/c5/312af8ae038d3af9cf3f7f1021c1abfe31c0d9035e4cf63519e0a7dc983e/hypothesis-6.165.10-cp314-cp314t-musllinux_1_2_x86_64.whl", hash = "sha256:00de0abdcf8c05c9d0eab735a3c49a276376b55151e6fcb903c2b39a90e5e5c3", size = 1322921, upload-time = "2026-08-16T22:54:42.7Z" },
    { url = "https://files.pythonhosted.org/packages/9e/e7/b0a2fde7570c090a1b914026266a421c751ef10138fffe37fe0ef9e675c0/hypothesis-6.165.10-cp314-cp314t-win_amd64.whl", hash = "sha256:cc2da5aa4edf14743fa9257e5ba3513963999f01211635702479d8e92b8207c8", size = 672147, upload-time = "2026-08-16T22:55:27.527Z" },
    { url = "https://files.pythonhosted.org/packages/47/fd/985aa564d6ffd06483d45a62b40d319df0a703cd8bc1d041de17d102fbaa/hypothesis-6.165.10-cp315-abi3.abi3t-macosx_10_12_x86_64.whl", hash = "sha256:eeab73050ea58c13dd56e329f594c1dfe32ebd7bb169bbdf4f8ceefbc31ec6b5", size = 782882, upload-time = "2026-08-16T22:55:37.93Z" },
    { url = "https://files.pythonhosted.org/packages/f8/2c/6cc11151e450f72353a490940cd0db704680d07b78dc75dcc9f480e0d0e1/hypothesis-6.165.10-cp315-abi3.abi3t-macosx_11_0_arm64.whl", hash = "sha256:4c68e983d0007d014bb01ad4bcbba78bc432c73a1755ff36d5102ceefa18299a", size = 774584, upload-time = "2026-08-16T22:55:51.822Z" },
    { url = "https://files.pythonhosted.org/packages/10/39/ef26fa79c1738dfe9cdb1a3584fb6717d26429ca6c9d011cc4fdf08130c2/hypothesis-6.165.10-cp315-abi3.abi3t-manylinux_2_17_aarch64.manylinux2014_aarch64.whl", hash = "sha256:7730d8197086f65d8969a991d6728a1d420a51b19fea06535c896cb43a1e05d0", size = 1104876, upload-time = "2026-08-16T22:54:58.937Z" },
    { url = "https://files.pythonhosted.org/packages/4e/f4/3fcc84e7637f42bf00d987093b9418083ac8db81b87392608a60f4b7c5fd/hypothesis-6.165.10-cp315-abi3.abi3t-manylinux_2_17_armv7l.manylinux2014_armv7l.whl", hash = "sha256:7a7980a898a3e6ebe4de1896a0507e3d519edb53fb9b4bda478c9fbeb6514558", size = 1133353, upload-time = "2026-08-16T22:54:28.635Z" },
    { url = "https://files.pythonhosted.org/packages/35/59/21c5c14179c38f8d0de3560e7f1825c083311b3013b63f817d7dc78dfcbd/hypothesis-6.165.10-cp315-abi3.abi3t-manylinux_2_17_ppc64le.manylinux2014_ppc64le.whl", hash = "sha256:b5820d009aedb7ae9cfd32f98b1ab0c0bbd6268379c4fab042218b6b655c63f8", size = 1132300, upload-time = "2026-08-16T22:56:08.539Z" },
    { url = "https://files.pythonhosted.org/packages/14/af/fbb56059961e416b2de7b9dc5352db2e8572bd5ea46892957e4c1e5548ab/hypothesis-6.165.10-cp315-abi3.abi3t-manylinux_2_17_x86_64.manylinux2014_x86_64.whl", hash = "sha256:37a7ac3d34220800e1107871cc391bca1b00439875925d7d821878b8b791f245", size = 1155175, upload-time = "2026-08-16T22:55:19.824Z" },
    { url = "https://files.pythonhosted.org/packages/0f/53/77fb0c2dad445858555429c4e06cf94a59ae8d2407dd6426b5af97c84828/hypothesis-6.165.10-cp315-abi3.abi3t-manylinux_2_31_riscv64.whl", hash = "sha256:dafa7c9dbe3d802f9bcdf261b29c8a70700fb22839947f06e471f62c46b6257f", size = 1109881, upload-time = "2026-08-16T22:55:32.029Z" },
    { url = "https://files.pythonhosted.org/packages/a8/7b/d187f673ff30e6ada640953636f978ffe64a6332f756b64163c2277f8d0c/hypothesis-6.165.10-cp315-abi3.abi3t-manylinux_2_5_i686.manylinux1_i686.whl", hash = "sha256:90915635b9648071129b0f72c0673cf8eac9eb84cfd445c5bedef30c714b1ec2", size = 1144963, upload-time = "2026-08-16T22:56:13.428Z" },
    { url = "https://files.pythonhosted.org/packages/e0/60/31d504e364134d60af23e5f6365db0da3cf4a51b3ed3d4836e5a2cff12cf/hypothesis-6.165.10-cp315-abi3.abi3t-musllinux_1_2_aarch64.whl", hash = "sha256:e1bbeb7c506b07ee0422cf9b2f7212fefa4240957f03526d38d27bc6743a0a48", size = 1278684, upload-time = "2026-08-16T22:55:22.971Z" },
    { url = "https://files.pythonhosted.org/packages/ef/e6/89d26834a08c02f8da149e541dd40d7a96f68d9722f43146e69a77436ed7/hypothesis-6.165.10-cp315-abi3.abi3t-musllinux_1_2_armv7l.whl", hash = "sha256:2b36aaffc88625a44f91074c5bbedfdefb9b376c38d1b3c342edcd2e4c8ed16c", size = 1407202, upload-time = "2026-08-16T22:55:14.949Z" },
    { url = "https://files.pythonhosted.org/packages/dc/61/20d1e72246867ea195440092e8bb422c7ddc2f271b87b5b65679d5532719/hypothesis-6.165.10-cp315-abi3.abi3t-musllinux_1_2_ppc64le.whl", hash = "sha256:18a3ea838ddea183388f8788750afa8494d79abb5358823be9782585f34445d3", size = 1261395, upload-time = "2026-08-16T22:56:05.448Z" },
    { url = "https://files.pythonhosted.org/packages/2a/9b/ebab6c3c2b90a16abb4119198178652d12aff83cc8ec2cfde5276c69fb1e/hypothesis-6.165.10-cp315-abi3.abi3t-musllinux_1_2_riscv64.whl", hash = "sha256:2a2567b3a03a4a5a7c575c191cfcce321a967df3727803817e75bffbbeaecabe", size = 1279213, upload-time = "2026-08-16T22:55:35.066Z" },
    { url = "https://files.pythonhosted.org/packages/23/78/69b219b524231d36eb20c792e1f01e7cb037e02bd0af1c29f77ed9a969c0/hypothesis-6.165.10-cp315-abi3.abi3t-musllinux_1_2_x86_64.whl", hash = "sha256:8001925fa3dde51cb574e4c9de4c7efe77c4e4d64bd2fd2ef61d5651f9d04f3d", size = 1322367, upload-time = "2026-08-16T22:54:21.279Z" },
    { url = "https://files.pythonhosted.org/packages/55/63/ad5cc153dcc72ae5e7905fb9b3585f3e48ce892a2d6366f90163e867a69d/hypothesis-6.165.10-cp315-abi3.abi3t-win32.whl", hash = "sha256:c6559380469295c4009215fe1cab561301591a3bee2e2fb3f4f96d2273a3affc", size = 666038, upload-time = "2026-08-16T22:56:11.797Z" },
    { url = "https://files.pythonhosted.org/packages/80/32/b62307b73fbc99f0a4381d6f9456df76fbcbb7a27ef7256e26f0376f48ea/hypothesis-6.165.10-cp315-abi3.abi3t-win_amd64.whl", hash = "sha256:30797f20ca45e57f526d2df872f63ba453cb4e1091ad542184a7a951af8da79d", size = 671941, upload-time = "2026-08-16T22:55:00.235Z" },
    { url = "https://files.pythonhosted.org/packages/c2/dd/e0f98add0548ef73ea7afac45da1fb8efc854d7f9931db568754d0f963f3/hypothesis-6.165.10-cp315-abi3.abi3t-win_arm64.whl", hash = "sha256:c53e9b1c36350df9965ec44d6c0d4e0bbbb38f720dd2b0e1256dc6524d411015", size = 669931, upload-time = "2026-08-16T22:55:50.205Z" },
]

[[package]]
name = "iniconfig"
version = "2.3.0"
source = { registry = "https://pypi.org/simple" }
sdist = { url = "https://files.pythonhosted.org/packages/72/34/14ca021ce8e5dfedc35312d08ba8bf51fdd999c576889fc2c24cb97f4f10/iniconfig-2.3.0.tar.gz", hash = "sha256:c76315c77db068650d49c5b56314774a7804df16fee4402c1f19d6d15d8c4730", size = 20503, upload-time = "2025-10-18T21:55:43.219Z" }
wheels = [
    { url = "https://files.pythonhosted.org/packages/cb/b1/3846dd7f199d53cb17f49cba7e651e9ce294d8497c8c150530ed11865bb8/iniconfig-2.3.0-py3-none-any.whl", hash = "sha256:f631c04d2c48c52b84d0d0549c99ff3859c98df65b3101406327ecc7d53fbf12", size = 7484, upload-time = "2025-10-18T21:55:41.639Z" },
]

[[package]]
name = "mpmath"
version = "1.3.0"
source = { registry = "https://pypi.org/simple" }
sdist = { url = "https://files.pythonhosted.org/packages/e0/47/dd32fa426cc72114383ac549964eecb20ecfd886d1e5ccf5340b55b02f57/mpmath-1.3.0.tar.gz", hash = "sha256:7a28eb2a9774d00c7bc92411c19a89209d5da7c4c9a9e227be8330a23a25b91f", size = 508106, upload-time = "2023-03-07T16:47:11.061Z" }
wheels = [
    { url = "https://files.pythonhosted.org/packages/43/e3/7d92a15f894aa0c9c4b49b8ee9ac9850d6e63b03c9c32c0367a13ae62209/mpmath-1.3.0-py3-none-any.whl", hash = "sha256:a0b2b9fe80bbcd81a6647ff13108738cfb482d481d826cc0e02f5b35e5c88d2c", size = 536198, upload-time = "2023-03-07T16:47:09.197Z" },
]

[[package]]
name = "numpy"
version = "2.5.2"
source = { registry = "https://pypi.org/simple" }
sdist = { url = "https://files.pythonhosted.org/packages/9a/80/db0b4559e57ec36362bedbb05530a87fafbcb6067708c946967a41d449e7/numpy-2.5.2.tar.gz", hash = "sha256:d482d171c406ae88c5b19cad3b6a1c4c5209f886ab74bc44c2c865c23f52d860", size = 20773161, upload-time = "2026-08-09T13:48:27.962Z" }
wheels = [
    { url = "https://files.pythonhosted.org/packages/ac/f8/c3b222bf075b50afd8e949a07a15c4b312a4a84bd8102a332bcd953cbbb4/numpy-2.5.2-cp314-cp314-macosx_10_15_x86_64.whl", hash = "sha256:d787cf769c3baeb5f6235e778edb52c08dfa923789b5958f28e6450f96107cb1", size = 16885180, upload-time = "2026-08-09T13:46:03.939Z" },
    { url = "https://files.pythonhosted.org/packages/17/e1/2c1d4b1987795a92b5bbf7c24fe249ab96aa2573ab0d7604802c189d7b86/numpy-2.5.2-cp314-cp314-macosx_11_0_arm64.whl", hash = "sha256:24b9dc2e3d84aa58523798805194e23e736f3f6ce2d1a5b92583ae734e6dbda8", size = 11907878, upload-time = "2026-08-09T13:46:07.045Z" },
    { url = "https://files.pythonhosted.org/packages/b9/ee/d08226fc858044355983a6e5b94f08ff6f3969e0a2b160a4a89f0ddb3445/numpy-2.5.2-cp314-cp314-macosx_14_0_arm64.whl", hash = "sha256:9e9413326d726c2545bfa65d2c0876871e8d8386e77f992c1d426e180bbd4323", size = 5354922, upload-time = "2026-08-09T13:46:10.04Z" },
    { url = "https://files.pythonhosted.org/packages/94/f0/6d3d933056440ebbc5e6bad92065fc6c26a48a84a36b1208580e94eea76c/numpy-2.5.2-cp314-cp314-macosx_14_0_x86_64.whl", hash = "sha256:60e902ac295855348a5ca2ea4c89108989a9f5fddfad3dfc0a8f36b10358567e", size = 6679168, upload-time = "2026-08-09T13:46:12.275Z" },
    { url = "https://files.pythonhosted.org/packages/c4/3b/ecd49dd90033cceb2704d88ca905d4d7d89b0e8c739608754ffd325fa820/numpy-2.5.2-cp314-cp314-manylinux_2_27_aarch64.manylinux_2_28_aarch64.whl", hash = "sha256:50e500dc868e9313530ce12ba470fe50ff3afe3d62993ed6eff652dacd555b65", size = 15624501, upload-time = "2026-08-09T13:46:15.322Z" },
    { url = "https://files.pythonhosted.org/packages/c7/99/461bd36dbdfac6c1c53efa370bd55a83227542d0d118f1677dbf1a3dacd5/numpy-2.5.2-cp314-cp314-manylinux_2_27_x86_64.manylinux_2_28_x86_64.whl", hash = "sha256:318b9a4c845dbea06708a29c84ee429cc3065048db34cdb799047643492050ee", size = 16713701, upload-time = "2026-08-09T13:46:18.949Z" },
    { url = "https://files.pythonhosted.org/packages/f9/9c/2b251df9e8a5d647b62b0cbc1b90a91850c1cf4859ecb532fd0b4eacff6c/numpy-2.5.2-cp314-cp314-musllinux_1_2_aarch64.whl", hash = "sha256:34c319e2963be042673fb46570501b2f06c41924e17e3563d58646b4380dfb68", size = 16986065, upload-time = "2026-08-09T13:46:23.006Z" },
    { url = "https://files.pythonhosted.org/packages/8f/25/20de43f53ff1390534a124475055a19f01fe10c920a0fd11b8e18d6d6052/numpy-2.5.2-cp314-cp314-musllinux_1_2_x86_64.whl", hash = "sha256:f06571a052127dc1b4e8b83029b4d1b20daa2b64a31cdd181fc6bc774e9000eb", size = 18470031, upload-time = "2026-08-09T13:46:27.102Z" },
    { url = "https://files.pythonhosted.org/packages/56/5e/0c577ca308d6da5eb79b546ba10bbe5b60148192194e2da060913b1de4f1/numpy-2.5.2-cp314-cp314-win32.whl", hash = "sha256:2cc779226e476d1e1f08c74068c419e60f41a9e0e069c92f6671d31d5c985e98", size = 6121028, upload-time = "2026-08-09T13:46:30.046Z" },
    { url = "https://files.pythonhosted.org/packages/15/5c/7bcbd5b11f94199073320410cddcbb80cee62415bfeb540874b265c2d922/numpy-2.5.2-cp314-cp314-win_amd64.whl", hash = "sha256:7587f53dfbd5edc0f7b87c6217b4c6d2d1f2ef9c3da70bc1315e7db5f8d7ec9d", size = 12597627, upload-time = "2026-08-09T13:46:32.886Z" },
    { url = "https://files.pythonhosted.org/packages/87/bc/4d0b06fba0da90ccc75af62823cb9dcedb6c9ea0cffa058cb2c9ee773a77/numpy-2.5.2-cp314-cp314-win_arm64.whl", hash = "sha256:3e4c367352d3747784248a227fbec218e193b56f7e6692e3b64fc805478ecfdf", size = 10680414, upload-time = "2026-08-09T13:46:36.036Z" },
    { url = "https://files.pythonhosted.org/packages/cd/17/f429aac9dc08833a0d0f188eba38c532a751b1a1f2ca6018a37b455cb321/numpy-2.5.2-cp314-cp314t-macosx_11_0_arm64.whl", hash = "sha256:b879fb674276e331513fb136b78dbc6bd3c848309e0d841cfd63be3896c4cfc1", size = 12026967, upload-time = "2026-08-09T13:46:39.084Z" },
    { url = "https://files.pythonhosted.org/packages/ca/9f/d0849de96a2a4ceaa16662f18ee13eaa9c0aa418269fdc8c4857c56b11da/numpy-2.5.2-cp314-cp314t-macosx_14_0_arm64.whl", hash = "sha256:fd0d703772bba096843785bd38371e31bb4a0c1151497ad5739d182114a73f7f", size = 5473874, upload-time = "2026-08-09T13:46:42.075Z" },
    { url = "https://files.pythonhosted.org/packages/89/3c/8df216d4a4a5422a3de045301cf7df8ea47286d76f5cb7160b0128ac26b7/numpy-2.5.2-cp314-cp314t-macosx_14_0_x86_64.whl", hash = "sha256:3a2f061cebd9e3d23bdcfaaded5e2293a4c6a5b60fa42df85d410a725ce621bf", size = 6789276, upload-time = "2026-08-09T13:46:44.387Z" },
    { url = "https://files.pythonhosted.org/packages/e6/3a/20d7e9891c4ddfadd6ff8d95bf4b29f353d8e1770553de2099880551dfb9/numpy-2.5.2-cp314-cp314t-manylinux_2_27_aarch64.manylinux_2_28_aarch64.whl", hash = "sha256:6df895598c0edcb41030126c89e0f353b07d93238116143b7405e937359736c4", size = 15659154, upload-time = "2026-08-09T13:46:47.538Z" },
    { url = "https://files.pythonhosted.org/packages/aa/d6/f3aa3d2688bf501b858835c6bd087ae9b51a56ae6fca8e2b0990abd177af/numpy-2.5.2-cp314-cp314t-manylinux_2_27_x86_64.manylinux_2_28_x86_64.whl", hash = "sha256:1ab3d4a901f844ea836c3e80bf463c6a27d7f3c14e8e292fcf28d348b25b9bce", size = 16748909, upload-time = "2026-08-09T13:46:51.442Z" },
    { url = "https://files.pythonhosted.org/packages/7d/8f/1c5cae8d2baf86ab802ae97a00be55bc7e21ebc11b12bbc33376c5f05342/numpy-2.5.2-cp314-cp314t-musllinux_1_2_aarch64.whl", hash = "sha256:cebc2d6dbb605a7703d59751dea4bd6b0ab127a5a4338a6f432df1936fef8b26", size = 17027685, upload-time = "2026-08-09T13:46:55.095Z" },
    { url = "https://files.pythonhosted.org/packages/5c/27/71d3467404aedc1c24ce79610f91b52b0b0f466c43a701aa56fc75c145ab/numpy-2.5.2-cp314-cp314t-musllinux_1_2_x86_64.whl", hash = "sha256:eaca7ff36f0f52e2111ec71f169d8fd3e889e7ddc0d2592e0d703fd8d3ce8fac", size = 18501181, upload-time = "2026-08-09T13:46:59.09Z" },
    { url = "https://files.pythonhosted.org/packages/14/2f/42921d27c40aea7e077f4a423ae509fd9220b028cd787bafefd8ab2b3a5f/numpy-2.5.2-cp314-cp314t-win32.whl", hash = "sha256:ddf47472af2e4280d79bac82304f5e80150211f1b9e614b760061d5fdfbb6eba", size = 6271085, upload-time = "2026-08-09T13:47:01.903Z" },
    { url = "https://files.pythonhosted.org/packages/75/e6/bad5f5d56de9b1971bac959963dda276d35c40f1854475005434bbe08692/numpy-2.5.2-cp314-cp314t-win_amd64.whl", hash = "sha256:44ef9675d908e65f9953063837c3277730f3f4437615a4cdab67b366cabaf884", size = 12787971, upload-time = "2026-08-09T13:47:04.963Z" },
    { url = "https://files.pythonhosted.org/packages/df/05/f608795cb34391acd67e38d94a3c36abd8d8576293a3a80727d7595c372c/numpy-2.5.2-cp314-cp314t-win_arm64.whl", hash = "sha256:eaa088384c46f519dacb93b7ec483a6d6b19a4a2085ae4f25ab9b1c43d387d1e", size = 10750306, upload-time = "2026-08-09T13:47:07.976Z" },
    { url = "https://files.pythonhosted.org/packages/33/c6/28de0191c5f82b7d42a0a51390ba98587048aa93a39fafb05bdbe6e8d00c/numpy-2.5.2-cp315-cp315-macosx_10_15_x86_64.whl", hash = "sha256:078f9b027b478c9379b9677babbf0f8b8f1ecfada27636d7b9a93990c638739f", size = 16885274, upload-time = "2026-08-09T13:47:11.439Z" },
    { url = "https://files.pythonhosted.org/packages/dd/d1/973ca116000d244897e468ea1aff30b589e5022e3c8744b71706fe33bd57/numpy-2.5.2-cp315-cp315-macosx_11_0_arm64.whl", hash = "sha256:50a68f4bacd8a2b33d8da3d2269d0d78500f86ea582e4786dc10f5ef2c2c6842", size = 11907846, upload-time = "2026-08-09T13:47:15.128Z" },
    { url = "https://files.pythonhosted.org/packages/78/d9/8c4b3937ef204cb2fd88d389ccd0f265a2ffb11f35a01d2064cf46714bd6/numpy-2.5.2-cp315-cp315-macosx_14_0_arm64.whl", hash = "sha256:e79aba74ffaf5f78a050d777c184cddf8fdffabab38acf5f3ef1fecbc17895d6", size = 5354892, upload-time = "2026-08-09T13:47:18.07Z" },
    { url = "https://files.pythonhosted.org/packages/74/9b/b6ee65ea2999fdb7023935e108e6fb776ee4082aa15f159acfa857e578c8/numpy-2.5.2-cp315-cp315-macosx_14_0_x86_64.whl", hash = "sha256:9a0731745a72a184490a582fb4af2533512bd071ace67785b5fdffc0ae58dce8", size = 6679309, upload-time = "2026-08-09T13:47:20.456Z" },
    { url = "https://files.pythonhosted.org/packages/43/f3/acb18d8b137a393c8e7803a8c994c9e64bde3930692a69d826993113a159/numpy-2.5.2-cp315-cp315-manylinux_2_27_aarch64.manylinux_2_28_aarch64.whl", hash = "sha256:4ec954036759bcee3aa484f8603bd9c14f3e776293b85578b8734c2d72777c69", size = 15625850, upload-time = "2026-08-09T13:47:24.365Z" },
    { url = "https://files.pythonhosted.org/packages/a9/bf/a8e9bb0db815a0e265b5744ebedd3af0bd5faad8604e5b50a1cd012f3c91/numpy-2.5.2-cp315-cp315-manylinux_2_27_x86_64.manylinux_2_28_x86_64.whl", hash = "sha256:dc649493697006bc90614a5f0bbc8cb3cb1866715c474e473694968d7e6b99ab", size = 16713664, upload-time = "2026-08-09T13:47:27.965Z" },
    { url = "https://files.pythonhosted.org/packages/0c/c3/6e913736b3dd6582344af32418b5fb9dab34282e8a8174ae1d54ceb0fc13/numpy-2.5.2-cp315-cp315-musllinux_1_2_aarch64.whl", hash = "sha256:cf7de32f486e4ac9e2d93b810f9e9ac72a728dd46a32a0bb403222f27f653514", size = 16986749, upload-time = "2026-08-09T13:47:31.541Z" },
    { url = "https://files.pythonhosted.org/packages/80/09/7d3b23eff5c7428ef6c01e6f7052bb60d504c4d33e317b36b8959c24ad97/numpy-2.5.2-cp315-cp315-musllinux_1_2_x86_64.whl", hash = "sha256:2ffa7bacab3e2ee1b19ed31766bb60bb380b68c23f051e199c5cc598afd68710", size = 18470495, upload-time = "2026-08-09T13:47:35.364Z" },
    { url = "https://files.pythonhosted.org/packages/a5/a4/68a321d825374f6eb677ffe8ef8c6b9a328304e6fd2e39d9530822776607/numpy-2.5.2-cp315-cp315-win32.whl", hash = "sha256:6b588cc8f902d6bff201c19fd00c43ab8545671e3554d014e12e14139e5e8617", size = 6120696, upload-time = "2026-08-09T13:47:38.561Z" },
    { url = "https://files.pythonhosted.org/packages/c8/23/deafbb1700f79fae9cd1e91220f133d124cc267de1b584da3fbf6db2f6cd/numpy-2.5.2-cp315-cp315-win_amd64.whl", hash = "sha256:07d4e89f3a9ab0a9ba24264ccdb642b3dd951b2281e8883a5481a4aa79cc31a7", size = 12597324, upload-time = "2026-08-09T13:47:41.401Z" },
    { url = "https://files.pythonhosted.org/packages/33/cd/3272ba105e3bbbdaeb11357eda31e7a6825ffe159e8171665660299a948f/numpy-2.5.2-cp315-cp315-win_arm64.whl", hash = "sha256:a610dc7e3c52edd39c2bc2375ff9c3fd59cb3ad00e4472d36f83bc1457145788", size = 10680466, upload-time = "2026-08-09T13:47:44.873Z" },
    { url = "https://files.pythonhosted.org/packages/0e/0e/58370637b1bb70a5c9ce2b43f4b521ccb224e36ccb76a6596b17ae4b447c/numpy-2.5.2-cp315-cp315t-macosx_10_15_x86_64.whl", hash = "sha256:40f4d451aed46a8046a1aae41c4e55fb3612273df9c502480135e1501576a34b", size = 16993947, upload-time = "2026-08-09T13:47:48.97Z" },
    { url = "https://files.pythonhosted.org/packages/10/93/2abcb807712b289d6d60fe4cf30532f98974a8396d885650f3ba5a13026e/numpy-2.5.2-cp315-cp315t-macosx_11_0_arm64.whl", hash = "sha256:c081cbe16ba1ab53078e5ff29013621e33c509eedab055775d956427712c236e", size = 12025331, upload-time = "2026-08-09T13:47:52.646Z" },
    { url = "https://files.pythonhosted.org/packages/8b/3a/2898e003a5fbaf87e76c039b4ee1f5eb390471b4ffe74887c1f34c4e791e/numpy-2.5.2-cp315-cp315t-macosx_14_0_arm64.whl", hash = "sha256:0090ccdd57ec2703e9b49d0bf554767370581c1dd0a6b2bb2b2d9def317d042a", size = 5472336, upload-time = "2026-08-09T13:47:55.403Z" },
    { url = "https://files.pythonhosted.org/packages/61/a5/23f69d07c544597b29758b31b55c27dc9d541012a2c1496189fef702aec2/numpy-2.5.2-cp315-cp315t-macosx_14_0_x86_64.whl", hash = "sha256:6a9bb119fb8dd21ba30b3f0e555b7e2b081bd9883af21ec9c1c633d161cda3a8", size = 6788387, upload-time = "2026-08-09T13:47:58.192Z" },
    { url = "https://files.pythonhosted.org/packages/15/ea/c0dbdbcf22f43782510a3e492dd3da73c6112b69cac8929d16d127536fc4/numpy-2.5.2-cp315-cp315t-manylinux_2_27_aarch64.manylinux_2_28_aarch64.whl", hash = "sha256:a839318485284a6fb31be4f8f2c91c8f2cb22f4543c4a8903f12b0671ffe07cc", size = 15667096, upload-time = "2026-08-09T13:48:01.562Z" },
    { url = "https://files.pythonhosted.org/packages/fc/5e/29c73c31748cdb0f7566642125ba17fd5b56780cddf891b085dab27e4466/numpy-2.5.2-cp315-cp315t-manylinux_2_27_x86_64.manylinux_2_28_x86_64.whl", hash = "sha256:ba0a474801b8dc67b66bf465548abc90e82b44d2611b5770f33008dcabffe8ec", size = 16751730, upload-time = "2026-08-09T13:48:05.706Z" },
    { url = "https://files.pythonhosted.org/packages/47/95/02501e8454796bb58dadf7a99d3181e0b464bf264e1003039572f9779fac/numpy-2.5.2-cp315-cp315t-musllinux_1_2_aarch64.whl", hash = "sha256:0a4035ae1129ff8777f08bfbd44f1e5d8e9c049ce0c2dd78fc0d92c13e7251c0", size = 17038686, upload-time = "2026-08-09T13:48:09.627Z" },
    { url = "https://files.pythonhosted.org/packages/0e/b5/53a681d91b5c82687067d8ea5035e02d917b5509d6f334cb06484a954714/numpy-2.5.2-cp315-cp315t-musllinux_1_2_x86_64.whl", hash = "sha256:77843ca236b777e67f8d6b3660ea116e499612703a0ecd7093f316201eb9d8e2", size = 18507727, upload-time = "2026-08-09T13:48:13.744Z" },
    { url = "https://files.pythonhosted.org/packages/42/06/6e11443f7b64ee376c860506091103bf68f92d2cab9e8d96d4501babf07c/numpy-2.5.2-cp315-cp315t-win32.whl", hash = "sha256:7354826bc6f8f69402e9b7fe28d15fcd34feebd74f856f111585c5b0c9fb0251", size = 6269775, upload-time = "2026-08-09T13:48:17.543Z" },
    { url = "https://files.pythonhosted.org/packages/f1/18/195d6b86cd72dbbc501edfa778005fa6b87afd34c153e46028cd3a0938f4/numpy-2.5.2-cp315-cp315t-win_amd64.whl", hash = "sha256:e5651f3f87add730ee6608d915009e19c911fba0cb000c7e3ea994b7d768eb12", size = 12782559, upload-time = "2026-08-09T13:48:21.023Z" },
    { url = "https://files.pythonhosted.org/packages/b4/07/458c344f0f0c178f4481dad5cca790626ffe4c34eabf9467069d06ee4999/numpy-2.5.2-cp315-cp315t-win_arm64.whl", hash = "sha256:5f8e00be2ec6f45f4e8a41a527f68d44a7d96fee92a650e4d8b1326f77f61e6e", size = 10748103, upload-time = "2026-08-09T13:48:24.21Z" },
]

[[package]]
name = "packaging"
version = "26.3"
source = { registry = "https://pypi.org/simple" }
sdist = { url = "https://files.pythonhosted.org/packages/7d/fa/3944b40b07da9ce895c0e6303a5ab7d53da063554f534556b134a54d6093/packaging-26.3.tar.gz", hash = "sha256:94edc256424af38762eb31306eed28beb9f0efc50a8837492c9d6fd6004aed79", size = 313412, upload-time = "2026-08-04T18:15:28.737Z" }
wheels = [
    { url = "https://files.pythonhosted.org/packages/63/34/ba1c580383c9eada3711951fef0795c80b829a078d72188184bcab9dd527/packaging-26.3-py3-none-any.whl", hash = "sha256:d7193f7c8e4e93f444fde0262bf90af30e16fa0ad0ad44cb553c87339b23cd1c", size = 129956, upload-time = "2026-08-04T18:15:27.159Z" },
]

[[package]]
name = "pluggy"
version = "1.6.0"
source = { registry = "https://pypi.org/simple" }
sdist = { url = "https://files.pythonhosted.org/packages/f9/e2/3e91f31a7d2b083fe6ef3fa267035b518369d9511ffab804f839851d2779/pluggy-1.6.0.tar.gz", hash = "sha256:7dcc130b76258d33b90f61b658791dede3486c3e6bfb003ee5c9bfb396dd22f3", size = 69412, upload-time = "2025-05-15T12:30:07.975Z" }
wheels = [
    { url = "https://files.pythonhosted.org/packages/54/20/4d324d65cc6d9205fabedc306948156824eb9f0ee1633355a8f7ec5c66bf/pluggy-1.6.0-py3-none-any.whl", hash = "sha256:e920276dd6813095e9377c0bc5566d94c932c33b27a3e3945d8389c374dd4746", size = 20538, upload-time = "2025-05-15T12:30:06.134Z" },
]

[[package]]
name = "pygments"
version = "2.21.0"
source = { registry = "https://pypi.org/simple" }
sdist = { url = "https://files.pythonhosted.org/packages/49/2e/ced460408999b33da6b31b0021b0f37d329e202d4169aeb164493778f25b/pygments-2.21.0.tar.gz", hash = "sha256:610ca751c9bc2492b38eb9a38a7fbc93edbbb2d7182edaf34e66ae493dee5c8c", size = 5005329, upload-time = "2026-08-17T08:02:48.824Z" }
wheels = [
    { url = "https://files.pythonhosted.org/packages/71/46/17f022dd3e953bf20a04a028a21ec746d942f8d2af30fa0f124fa0e6a684/pygments-2.21.0-py3-none-any.whl", hash = "sha256:2363c69b61c4a97c838da3b130dcd6468f4848992b21a82f2a63ec34377137d9", size = 1250147, upload-time = "2026-08-17T08:02:44.912Z" },
]

[[package]]
name = "pytest"
version = "9.1.1"
source = { registry = "https://pypi.org/simple" }
dependencies = [
    { name = "colorama", marker = "sys_platform == 'win32'" },
    { name = "iniconfig" },
    { name = "packaging" },
    { name = "pluggy" },
    { name = "pygments" },
]
sdist = { url = "https://files.pythonhosted.org/packages/e4/47/b9efed96c114afcfa3c9d3fe98a76a1d14c74a9e266d397cf6eb64be5e01/pytest-9.1.1.tar.gz", hash = "sha256:1088fbde8f2b49d95a549a195707afa7a76a3ce9bcadc26b6d71f0ffda5fe313", size = 1636369, upload-time = "2026-06-19T10:58:32.857Z" }
wheels = [
    { url = "https://files.pythonhosted.org/packages/24/25/1de2678b631f5a49215c6c96fff41ba892b0a34df68d6d80292b1b48aa7f/pytest-9.1.1-py3-none-any.whl", hash = "sha256:37a86b45efb9a47a61a36449063e8e18d0cab3161329fc099eb21783169c4f0c", size = 386536, upload-time = "2026-06-19T10:58:31.347Z" },
]

[[package]]
name = "ruff"
version = "0.16.5"
source = { registry = "https://pypi.org/simple" }
sdist = { url = "https://files.pythonhosted.org/packages/f3/85/c8e12473c93018f92d19dd988a294202e1c27426c47ec4de53ffb847b8d8/ruff-0.16.5.tar.gz", hash = "sha256:1b88500f9ffbcab3dedb0082c9f9492e91ec3d618aac1236a3e0189938f7040b", size = 4912003, upload-time = "2026-08-27T16:34:18.258Z" }
wheels = [
    { url = "https://files.pythonhosted.org/packages/c6/b6/77c90a970fe2dae17a723acbd011043ea97c98d7deacccefdc4ba74ec512/ruff-0.16.5-py3-none-linux_armv6l.whl", hash = "sha256:12e5f673e774c35fbb62f288809c7653b73445f8ecec6b6063fd6ea3521aa14b", size = 10011941, upload-time = "2026-08-27T16:33:41.287Z" },
    { url = "https://files.pythonhosted.org/packages/4b/46/6cf67cf6411885a1d6f7f6d801682f155536a85176d10b605e2ceffed8bd/ruff-0.16.5-py3-none-macosx_10_12_x86_64.whl", hash = "sha256:eda58a5802de40e7ed5b32b64e0b32539338cc6fcd2c78f61e3ad6a0d79f51c3", size = 10204049, upload-time = "2026-08-27T16:33:44.056Z" },
    { url = "https://files.pythonhosted.org/packages/46/fd/c8720ca7a090abf0c2fef4abe8a5ef6e5127ed15196d8886ff75a2b370e2/ruff-0.16.5-py3-none-macosx_11_0_arm64.whl", hash = "sha256:c5ae9a7b9a8875131f40f8fe967cc86abf899779efd663cb7ce3d572d01da7eb", size = 9809037, upload-time = "2026-08-27T16:33:46.257Z" },
    { url = "https://files.pythonhosted.org/packages/43/45/a684caacdedaca180f52bacccc40bf0789d2c5a7c75f25324853e9eaedb5/ruff-0.16.5-py3-none-manylinux_2_17_aarch64.manylinux2014_aarch64.whl", hash = "sha256:7b719b0a1f4d59710d283ab2965f621684a108a9e41da622e3b23f0326cd0025", size = 9964129, upload-time = "2026-08-27T16:33:48.352Z" },
    { url = "https://files.pythonhosted.org/packages/9e/f2/5d2bcdaca6b5b93d1b4dfc166cd2aebf7680143a1b38a28759df13a94d31/ruff-0.16.5-py3-none-manylinux_2_17_armv7l.manylinux2014_armv7l.whl", hash = "sha256:2298f2780ed1be0c5cb1361e32ab7b1467f3cce7dabe101d2210a314f2fe42e9", size = 9821518, upload-time = "2026-08-27T16:33:50.57Z" },
    { url = "https://files.pythonhosted.org/packages/aa/ff/011cce29accf9257d5974145b733fc653a37985ed6825413a3987cefbfe0/ruff-0.16.5-py3-none-manylinux_2_17_i686.manylinux2014_i686.whl", hash = "sha256:258f29035a2dd021e7861e631b227a5b3f14e50c1184c9a6a122c5f4576154d7", size = 10534835, upload-time = "2026-08-27T16:33:52.522Z" },
    { url = "https://files.pythonhosted.org/packages/d7/5a/f0cf109bada9bba0e96c90c21c9f9251803f57225c32d293327a03c710d6/ruff-0.16.5-py3-none-manylinux_2_17_ppc64le.manylinux2014_ppc64le.whl", hash = "sha256:b9a4f0432966834019c74d1b7e5c51224305d7713f3d7faf3e7451f1a3be3cde", size = 11252550, upload-time = "2026-08-27T16:33:54.521Z" },
    { url = "https://files.pythonhosted.org/packages/63/4d/1d481aaea2046c6a7ed7c291f9004c669cce3c087b6b376ed5b08271e3fe/ruff-0.16.5-py3-none-manylinux_2_17_s390x.manylinux2014_s390x.whl", hash = "sha256:b5eb3a8c3d0ade9cea42b591fd530368e8798380e30e0a308b85a5cf718f09ea", size = 10777949, upload-time = "2026-08-27T16:33:56.88Z" },
    { url = "https://files.pythonhosted.org/packages/ee/34/ee245ca55f64443233034b3d02b03236b19242004281247c079390b7facd/ruff-0.16.5-py3-none-manylinux_2_17_x86_64.manylinux2014_x86_64.whl", hash = "sha256:ef0f69e191a13a3c9816f63163c88790cb12cd157bbbb384e9c44745702ab105", size = 10311656, upload-time = "2026-08-27T16:33:59.12Z" },
    { url = "https://files.pythonhosted.org/packages/a7/4d/c33a333e341c0a2b96c715b52d89a606f5a34cd4ac493cd9b8d0187186b8/ruff-0.16.5-py3-none-manylinux_2_31_riscv64.whl", hash = "sha256:0eeab41fbea2c42f98dfb9822cdccda9d24ba38d49f6dc945b5c236d48f0ef29", size = 10532125, upload-time = "2026-08-27T16:34:01.166Z" },
    { url = "https://files.pythonhosted.org/packages/30/e1/a64cef78b40192497bb98a27a8aa8f2c98ee9ee15bc97f7712d94ef32937/ruff-0.16.5-py3-none-musllinux_1_2_aarch64.whl", hash = "sha256:f0768e9df4300713fff30733c87575f68b6f1d8de41184e505b7fdd9c0c95eaf", size = 10097648, upload-time = "2026-08-27T16:34:03.16Z" },
    { url = "https://files.pythonhosted.org/packages/cc/4e/4cdc9ed3c3e109d2f71e62572a37457298d7bc7501ec3138babb7ed32bbd/ruff-0.16.5-py3-none-musllinux_1_2_armv7l.whl", hash = "sha256:95cc70cdc7aa80c338de356279d2adbeb2de0f520b9ecd8aba75b94e95e02f91", size = 9829344, upload-time = "2026-08-27T16:34:05.134Z" },
    { url = "https://files.pythonhosted.org/packages/39/4a/31ed35ce31729955fc583ee0d176d6e784c1290cb0b0a75cb2134c1ab72a/ruff-0.16.5-py3-none-musllinux_1_2_i686.whl", hash = "sha256:d185c8398ded1bfd91c0c2cb258346307571eccc473a8490af8c3977399c384a", size = 10277117, upload-time = "2026-08-27T16:34:07.425Z" },
    { url = "https://files.pythonhosted.org/packages/a8/a0/60356d86687b4b666d593df213f4dc3041750d024cb7bf2cfa81cfd65c2e/ruff-0.16.5-py3-none-musllinux_1_2_x86_64.whl", hash = "sha256:fb8e3a3c4c6a784150a7ced53b015f4b253fc2bf97a610886419ead64b4756ef", size = 10711653, upload-time = "2026-08-27T16:34:09.712Z" },
    { url = "https://files.pythonhosted.org/packages/ed/20/656d67f5b25ca9bda4e02b1de25867b2954e1d19e03648060f167ad0f4cc/ruff-0.16.5-py3-none-win32.whl", hash = "sha256:288b0a5f080492fe5635db849f9e2e84aa3cce7b7f0e955997d416c507c76a26", size = 10034250, upload-time = "2026-08-27T16:34:11.8Z" },
    { url = "https://files.pythonhosted.org/packages/5b/42/ee8e68a207b9127fcde6c3d7e197def432f346cb1af159e1fa14ca0d1cdc/ruff-0.16.5-py3-none-win_amd64.whl", hash = "sha256:ddc6385fb2137f616357ca03d6c74f4be987f80fed4008566b754f6032b8546f", size = 10516714, upload-time = "2026-08-27T16:34:13.963Z" },
    { url = "https://files.pythonhosted.org/packages/73/e3/7df5a396e445b9ba49ce9a9437439a4d80042c61c0ade199abf8d16de1ac/ruff-0.16.5-py3-none-win_arm64.whl", hash = "sha256:a64abe90968719b851bb7cedffaa8753fbdbdadab483089682db623f3edc587e", size = 10391564, upload-time = "2026-08-27T16:34:16.064Z" },
]

[[package]]
name = "sortedcontainers"
version = "2.4.0"
source = { registry = "https://pypi.org/simple" }
sdist = { url = "https://files.pythonhosted.org/packages/e8/c4/ba2f8066cceb6f23394729afe52f3bf7adec04bf9ed2c820b39e19299111/sortedcontainers-2.4.0.tar.gz", hash = "sha256:25caa5a06cc30b6b83d11423433f65d1f9d76c4c6a0c90e3379eaa43b9bfdb88", size = 30594, upload-time = "2021-05-16T22:03:42.897Z" }
wheels = [
    { url = "https://files.pythonhosted.org/packages/32/46/9cb0e58b2deb7f82b84065f37f3bffeb12413f947f9388e4cac22c4621ce/sortedcontainers-2.4.0-py2.py3-none-any.whl", hash = "sha256:a163dcaede0f1c021485e957a39245190e74249897e2ae4b2aa38595db237ee0", size = 29575, upload-time = "2021-05-16T22:03:41.177Z" },
]

[[package]]
name = "sympy"
version = "1.14.0"
source = { registry = "https://pypi.org/simple" }
dependencies = [
    { name = "mpmath" },
]
sdist = { url = "https://files.pythonhosted.org/packages/83/d3/803453b36afefb7c2bb238361cd4ae6125a569b4db67cd9e79846ba2d68c/sympy-1.14.0.tar.gz", hash = "sha256:d3d3fe8df1e5a0b42f0e7bdf50541697dbe7d23746e894990c030e2b05e72517", size = 7793921, upload-time = "2025-04-27T18:05:01.611Z" }
wheels = [
    { url = "https://files.pythonhosted.org/packages/a2/09/77d55d46fd61b4a135c444fc97158ef34a095e5681d0a6c10b75bf356191/sympy-1.14.0-py3-none-any.whl", hash = "sha256:e091cc3e99d2141a0ba2847328f5479b05d94a6635cb96148ccb3f34671bd8f5", size = 6299353, upload-time = "2025-04-27T18:04:59.103Z" },
]
